
Microsoft Visual Studio Solution File, Format Version 12.00
# Visual Studio Version 16
VisualStudioVersion = 16.0.29519.87
MinimumVisualStudioVersion = 10.0.40219.1
Project("{FAE04EC0-301F-11D3-BF4B-00C04F79EFBC}") = "SKYNET", "SKYNET\SKYNET.csproj", "{53C5D3C5-F8B4-4766-A012-2956B81F348F}"
EndProject
Global
	GlobalSection(SolutionConfigurationPlatforms) = preSolution
		Debug|Any CPU = Debug|Any CPU
		Release|Any CPU = Release|Any CPU
	EndGlobalSection
	GlobalSection(ProjectConfigurationPlatforms) = postSolution
		{53C5D3C5-F8B4-4766-A012-2956B81F348F}.Debug|Any CPU.ActiveCfg = Debug|Any CPU
		{53C5D3C5-F8B4-4766-A012-2956B81F348F}.Debug|Any CPU.Build.0 = Debug|Any CPU
		{53C5D3C5-F8B4-4766-A012-2956B81F348F}.Release|Any CPU.ActiveCfg = Release|Any CPU
		{53C5D3C5-F8B4-4766-A012-2956B81F348F}.Release|Any CPU.Build.0 = Release|Any CPU
	EndGlobalSection
	GlobalSection(SolutionProperties) = preSolution
		HideSolutionNode = FALSE
	EndGlobalSection
	GlobalSection(ExtensibilityGlobals) = postSolution
		SolutionGuid = {B1EC75F9-395F-48E5-8875-4ACBAB5553C3}
	EndGlobalSection
EndGlobal
